// !$*UTF8*$!
{
	archiveVersion = 1;
	classes = {
	};
	objectVersion = 56;
	objects = {

/* Begin PBXBuildFile section */
		390F479F29BF1BF6005DBE74 /* AppDelegate.swift in Sources */ = {isa = PBXBuildFile; fileRef = 390F479E29BF1BF6005DBE74 /* AppDelegate.swift */; };
		390F47A129BF1BF6005DBE74 /* SceneDelegate.swift in Sources */ = {isa = PBXBuildFile; fileRef = 390F47A029BF1BF6005DBE74 /* SceneDelegate.swift */; };
		390F47A929BF1BF6005DBE74 /* InternshipECommerceApp.xcdatamodeld in Sources */ = {isa = PBXBuildFile; fileRef = 390F47A729BF1BF6005DBE74 /* InternshipECommerceApp.xcdatamodeld */; };
		390F47AB29BF1BF7005DBE74 /* Assets.xcassets in Resources */ = {isa = PBXBuildFile; fileRef = 390F47AA29BF1BF7005DBE74 /* Assets.xcassets */; };
		390F47AE29BF1BF7005DBE74 /* LaunchScreen.storyboard in Resources */ = {isa = PBXBuildFile; fileRef = 390F47AC29BF1BF7005DBE74 /* LaunchScreen.storyboard */; };
		390F47BD29BF1E4F005DBE74 /* Service.swift in Sources */ = {isa = PBXBuildFile; fileRef = 390F47BC29BF1E4E005DBE74 /* Service.swift */; };
		390F47BF29BF1ED1005DBE74 /* Request.swift in Sources */ = {isa = PBXBuildFile; fileRef = 390F47BE29BF1ED1005DBE74 /* Request.swift */; };
		390F47C129BF1F9F005DBE74 /* Endpoint.swift in Sources */ = {isa = PBXBuildFile; fileRef = 390F47C029BF1F9F005DBE74 /* Endpoint.swift */; };
		390F47C329BF2039005DBE74 /* APICacheManager.swift in Sources */ = {isa = PBXBuildFile; fileRef = 390F47C229BF2039005DBE74 /* APICacheManager.swift */; };
		390F47C629BF21F7005DBE74 /* ColorHex.swift in Sources */ = {isa = PBXBuildFile; fileRef = 390F47C529BF21F7005DBE74 /* ColorHex.swift */; };
		390F47DF29BF2A76005DBE74 /* Montserrat-BlackItalic.ttf in Resources */ = {isa = PBXBuildFile; fileRef = 390F47CD29BF2A75005DBE74 /* Montserrat-BlackItalic.ttf */; };
		390F47E029BF2A76005DBE74 /* Montserrat-Bold.ttf in Resources */ = {isa = PBXBuildFile; fileRef = 390F47CE29BF2A75005DBE74 /* Montserrat-Bold.ttf */; };
		390F47E229BF2A76005DBE74 /* Montserrat-SemiBold.ttf in Resources */ = {isa = PBXBuildFile; fileRef = 390F47D029BF2A75005DBE74 /* Montserrat-SemiBold.ttf */; };
		390F47E329BF2A76005DBE74 /* Montserrat-Regular.ttf in Resources */ = {isa = PBXBuildFile; fileRef = 390F47D129BF2A76005DBE74 /* Montserrat-Regular.ttf */; };
		390F47E429BF2A76005DBE74 /* Montserrat-BoldItalic.ttf in Resources */ = {isa = PBXBuildFile; fileRef = 390F47D229BF2A76005DBE74 /* Montserrat-BoldItalic.ttf */; };
		390F47E529BF2A76005DBE74 /* Montserrat-LightItalic.ttf in Resources */ = {isa = PBXBuildFile; fileRef = 390F47D329BF2A76005DBE74 /* Montserrat-LightItalic.ttf */; };
		390F47E829BF2A76005DBE74 /* Montserrat-Light.ttf in Resources */ = {isa = PBXBuildFile; fileRef = 390F47D629BF2A76005DBE74 /* Montserrat-Light.ttf */; };
		390F47E929BF2A76005DBE74 /* Montserrat-Black.ttf in Resources */ = {isa = PBXBuildFile; fileRef = 390F47D729BF2A76005DBE74 /* Montserrat-Black.ttf */; };
		390F47EA29BF2A76005DBE74 /* Montserrat-Italic.ttf in Resources */ = {isa = PBXBuildFile; fileRef = 390F47D829BF2A76005DBE74 /* Montserrat-Italic.ttf */; };
		390F47ED29BF2A76005DBE74 /* Montserrat-MediumItalic.ttf in Resources */ = {isa = PBXBuildFile; fileRef = 390F47DB29BF2A76005DBE74 /* Montserrat-MediumItalic.ttf */; };
		390F47EE29BF2A76005DBE74 /* Montserrat-Medium.ttf in Resources */ = {isa = PBXBuildFile; fileRef = 390F47DC29BF2A76005DBE74 /* Montserrat-Medium.ttf */; };
		390F47EF29BF2A76005DBE74 /* Montserrat-SemiBoldItalic.ttf in Resources */ = {isa = PBXBuildFile; fileRef = 390F47DD29BF2A76005DBE74 /* Montserrat-SemiBoldItalic.ttf */; };
		390F47F429BF2AE7005DBE74 /* CustomFonts.swift in Sources */ = {isa = PBXBuildFile; fileRef = 390F47F329BF2AE7005DBE74 /* CustomFonts.swift */; };
		390F47F629BF2D75005DBE74 /* MenuItem.swift in Sources */ = {isa = PBXBuildFile; fileRef = 390F47F529BF2D75005DBE74 /* MenuItem.swift */; };
		390F47F829BF3042005DBE74 /* SignInViewController.swift in Sources */ = {isa = PBXBuildFile; fileRef = 390F47F729BF3042005DBE74 /* SignInViewController.swift */; };
		390F47FA29BF3073005DBE74 /* SignInView.swift in Sources */ = {isa = PBXBuildFile; fileRef = 390F47F929BF3073005DBE74 /* SignInView.swift */; };
		390F47FC29BF30D9005DBE74 /* SignInViewViewModel.swift in Sources */ = {isa = PBXBuildFile; fileRef = 390F47FB29BF30D9005DBE74 /* SignInViewViewModel.swift */; };
		390F47FE29BF3137005DBE74 /* AddSubviews.swift in Sources */ = {isa = PBXBuildFile; fileRef = 390F47FD29BF3137005DBE74 /* AddSubviews.swift */; };
		390F480029BF33A6005DBE74 /* CustomUIClasses.swift in Sources */ = {isa = PBXBuildFile; fileRef = 390F47FF29BF33A6005DBE74 /* CustomUIClasses.swift */; };
		390F480229BF5BC7005DBE74 /* LogInViewController.swift in Sources */ = {isa = PBXBuildFile; fileRef = 390F480129BF5BC7005DBE74 /* LogInViewController.swift */; };
		390F480429BF5C14005DBE74 /* LogInView.swift in Sources */ = {isa = PBXBuildFile; fileRef = 390F480329BF5C14005DBE74 /* LogInView.swift */; };
		390F480629BF5C36005DBE74 /* LogInViewViewModel.swift in Sources */ = {isa = PBXBuildFile; fileRef = 390F480529BF5C36005DBE74 /* LogInViewViewModel.swift */; };
		390F480829BF63EF005DBE74 /* TabBarController.swift in Sources */ = {isa = PBXBuildFile; fileRef = 390F480729BF63EF005DBE74 /* TabBarController.swift */; };
		390F480A29BF64DA005DBE74 /* HomeViewController.swift in Sources */ = {isa = PBXBuildFile; fileRef = 390F480929BF64DA005DBE74 /* HomeViewController.swift */; };
		390F480C29BF652C005DBE74 /* HomeView.swift in Sources */ = {isa = PBXBuildFile; fileRef = 390F480B29BF652C005DBE74 /* HomeView.swift */; };
		390F480E29BF71BA005DBE74 /* ValidationExtension.swift in Sources */ = {isa = PBXBuildFile; fileRef = 390F480D29BF71BA005DBE74 /* ValidationExtension.swift */; };
		390F481029C08019005DBE74 /* HomeViewViewModel.swift in Sources */ = {isa = PBXBuildFile; fileRef = 390F480F29C08019005DBE74 /* HomeViewViewModel.swift */; };
		390F481229C08493005DBE74 /* CreateSections.swift in Sources */ = {isa = PBXBuildFile; fileRef = 390F481129C08493005DBE74 /* CreateSections.swift */; };
		390F481529C09087005DBE74 /* HeaderForCollectionView.swift in Sources */ = {isa = PBXBuildFile; fileRef = 390F481429C09087005DBE74 /* HeaderForCollectionView.swift */; };
		390F481729C0B404005DBE74 /* TransparentTabbar.swift in Sources */ = {isa = PBXBuildFile; fileRef = 390F481629C0B404005DBE74 /* TransparentTabbar.swift */; };
		390F481929C0BBC3005DBE74 /* RightBarButtonItemView.swift in Sources */ = {isa = PBXBuildFile; fileRef = 390F481829C0BBC3005DBE74 /* RightBarButtonItemView.swift */; };
		390F481B29C0D388005DBE74 /* SearchBarView.swift in Sources */ = {isa = PBXBuildFile; fileRef = 390F481A29C0D388005DBE74 /* SearchBarView.swift */; };
/* End PBXBuildFile section */

/* Begin PBXFileReference section */
		390F479B29BF1BF6005DBE74 /* InternshipECommerceApp.app */ = {isa = PBXFileReference; explicitFileType = wrapper.application; includeInIndex = 0; path = InternshipECommerceApp.app; sourceTree = BUILT_PRODUCTS_DIR; };
		390F479E29BF1BF6005DBE74 /* AppDelegate.swift */ = {isa = PBXFileReference; lastKnownFileType = sourcecode.swift; path = AppDelegate.swift; sourceTree = "<group>"; };
		390F47A029BF1BF6005DBE74 /* SceneDelegate.swift */ = {isa = PBXFileReference; lastKnownFileType = sourcecode.swift; path = SceneDelegate.swift; sourceTree = "<group>"; };
		390F47A829BF1BF6005DBE74 /* InternshipECommerceApp.xcdatamodel */ = {isa = PBXFileReference; lastKnownFileType = wrapper.xcdatamodel; path = InternshipECommerceApp.xcdatamodel; sourceTree = "<group>"; };
		390F47AA29BF1BF7005DBE74 /* Assets.xcassets */ = {isa = PBXFileReference; lastKnownFileType = folder.assetcatalog; path = Assets.xcassets; sourceTree = "<group>"; };
		390F47AD29BF1BF7005DBE74 /* Base */ = {isa = PBXFileReference; lastKnownFileType = file.storyboard; name = Base; path = Base.lproj/LaunchScreen.storyboard; sourceTree = "<group>"; };
		390F47AF29BF1BF7005DBE74 /* Info.plist */ = {isa = PBXFileReference; lastKnownFileType = text.plist.xml; path = Info.plist; sourceTree = "<group>"; };
		390F47BC29BF1E4E005DBE74 /* Service.swift */ = {isa = PBXFileReference; lastKnownFileType = sourcecode.swift; path = Service.swift; sourceTree = "<group>"; };
		390F47BE29BF1ED1005DBE74 /* Request.swift */ = {isa = PBXFileReference; lastKnownFileType = sourcecode.swift; path = Request.swift; sourceTree = "<group>"; };
		390F47C029BF1F9F005DBE74 /* Endpoint.swift */ = {isa = PBXFileReference; lastKnownFileType = sourcecode.swift; path = Endpoint.swift; sourceTree = "<group>"; };
		390F47C229BF2039005DBE74 /* APICacheManager.swift */ = {isa = PBXFileReference; lastKnownFileType = sourcecode.swift; path = APICacheManager.swift; sourceTree = "<group>"; };
		390F47C529BF21F7005DBE74 /* ColorHex.swift */ = {isa = PBXFileReference; lastKnownFileType = sourcecode.swift; path = ColorHex.swift; sourceTree = "<group>"; };
		390F47CD29BF2A75005DBE74 /* Montserrat-BlackItalic.ttf */ = {isa = PBXFileReference; lastKnownFileType = file; path = "Montserrat-BlackItalic.ttf"; sourceTree = "<group>"; };
		390F47CE29BF2A75005DBE74 /* Montserrat-Bold.ttf */ = {isa = PBXFileReference; lastKnownFileType = file; path = "Montserrat-Bold.ttf"; sourceTree = "<group>"; };
		390F47D029BF2A75005DBE74 /* Montserrat-SemiBold.ttf */ = {isa = PBXFileReference; lastKnownFileType = file; path = "Montserrat-SemiBold.ttf"; sourceTree = "<group>"; };
		390F47D129BF2A76005DBE74 /* Montserrat-Regular.ttf */ = {isa = PBXFileReference; lastKnownFileType = file; path = "Montserrat-Regular.ttf"; sourceTree = "<group>"; };
		390F47D229BF2A76005DBE74 /* Montserrat-BoldItalic.ttf */ = {isa = PBXFileReference; lastKnownFileType = file; path = "Montserrat-BoldItalic.ttf"; sourceTree = "<group>"; };
		390F47D329BF2A76005DBE74 /* Montserrat-LightItalic.ttf */ = {isa = PBXFileReference; lastKnownFileType = file; path = "Montserrat-LightItalic.ttf"; sourceTree = "<group>"; };
		390F47D629BF2A76005DBE74 /* Montserrat-Light.ttf */ = {isa = PBXFileReference; lastKnownFileType = file; path = "Montserrat-Light.ttf"; sourceTree = "<group>"; };
		390F47D729BF2A76005DBE74 /* Montserrat-Black.ttf */ = {isa = PBXFileReference; lastKnownFileType = file; path = "Montserrat-Black.ttf"; sourceTree = "<group>"; };
		390F47D829BF2A76005DBE74 /* Montserrat-Italic.ttf */ = {isa = PBXFileReference; lastKnownFileType = file; path = "Montserrat-Italic.ttf"; sourceTree = "<group>"; };
		390F47DB29BF2A76005DBE74 /* Montserrat-MediumItalic.ttf */ = {isa = PBXFileReference; lastKnownFileType = file; path = "Montserrat-MediumItalic.ttf"; sourceTree = "<group>"; };
		390F47DC29BF2A76005DBE74 /* Montserrat-Medium.ttf */ = {isa = PBXFileReference; lastKnownFileType = file; path = "Montserrat-Medium.ttf"; sourceTree = "<group>"; };
		390F47DD29BF2A76005DBE74 /* Montserrat-SemiBoldItalic.ttf */ = {isa = PBXFileReference; lastKnownFileType = file; path = "Montserrat-SemiBoldItalic.ttf"; sourceTree = "<group>"; };
		390F47F329BF2AE7005DBE74 /* CustomFonts.swift */ = {isa = PBXFileReference; lastKnownFileType = sourcecode.swift; path = CustomFonts.swift; sourceTree = "<group>"; };
		390F47F529BF2D75005DBE74 /* MenuItem.swift */ = {isa = PBXFileReference; lastKnownFileType = sourcecode.swift; path = MenuItem.swift; sourceTree = "<group>"; };
		390F47F729BF3042005DBE74 /* SignInViewController.swift */ = {isa = PBXFileReference; lastKnownFileType = sourcecode.swift; path = SignInViewController.swift; sourceTree = "<group>"; };
		390F47F929BF3073005DBE74 /* SignInView.swift */ = {isa = PBXFileReference; lastKnownFileType = sourcecode.swift; path = SignInView.swift; sourceTree = "<group>"; };
		390F47FB29BF30D9005DBE74 /* SignInViewViewModel.swift */ = {isa = PBXFileReference; lastKnownFileType = sourcecode.swift; path = SignInViewViewModel.swift; sourceTree = "<group>"; };
		390F47FD29BF3137005DBE74 /* AddSubviews.swift */ = {isa = PBXFileReference; lastKnownFileType = sourcecode.swift; path = AddSubviews.swift; sourceTree = "<group>"; };
		390F47FF29BF33A6005DBE74 /* CustomUIClasses.swift */ = {isa = PBXFileReference; lastKnownFileType = sourcecode.swift; path = CustomUIClasses.swift; sourceTree = "<group>"; };
		390F480129BF5BC7005DBE74 /* LogInViewController.swift */ = {isa = PBXFileReference; lastKnownFileType = sourcecode.swift; path = LogInViewController.swift; sourceTree = "<group>"; };
		390F480329BF5C14005DBE74 /* LogInView.swift */ = {isa = PBXFileReference; lastKnownFileType = sourcecode.swift; path = LogInView.swift; sourceTree = "<group>"; };
		390F480529BF5C36005DBE74 /* LogInViewViewModel.swift */ = {isa = PBXFileReference; lastKnownFileType = sourcecode.swift; path = LogInViewViewModel.swift; sourceTree = "<group>"; };
		390F480729BF63EF005DBE74 /* TabBarController.swift */ = {isa = PBXFileReference; lastKnownFileType = sourcecode.swift; path = TabBarController.swift; sourceTree = "<group>"; };
		390F480929BF64DA005DBE74 /* HomeViewController.swift */ = {isa = PBXFileReference; lastKnownFileType = sourcecode.swift; path = HomeViewController.swift; sourceTree = "<group>"; };
		390F480B29BF652C005DBE74 /* HomeView.swift */ = {isa = PBXFileReference; lastKnownFileType = sourcecode.swift; path = HomeView.swift; sourceTree = "<group>"; };
		390F480D29BF71BA005DBE74 /* ValidationExtension.swift */ = {isa = PBXFileReference; lastKnownFileType = sourcecode.swift; path = ValidationExtension.swift; sourceTree = "<group>"; };
		390F480F29C08019005DBE74 /* HomeViewViewModel.swift */ = {isa = PBXFileReference; lastKnownFileType = sourcecode.swift; path = HomeViewViewModel.swift; sourceTree = "<group>"; };
		390F481129C08493005DBE74 /* CreateSections.swift */ = {isa = PBXFileReference; lastKnownFileType = sourcecode.swift; path = CreateSections.swift; sourceTree = "<group>"; };
		390F481429C09087005DBE74 /* HeaderForCollectionView.swift */ = {isa = PBXFileReference; lastKnownFileType = sourcecode.swift; path = HeaderForCollectionView.swift; sourceTree = "<group>"; };
		390F481629C0B404005DBE74 /* TransparentTabbar.swift */ = {isa = PBXFileReference; lastKnownFileType = sourcecode.swift; path = TransparentTabbar.swift; sourceTree = "<group>"; };
		390F481829C0BBC3005DBE74 /* RightBarButtonItemView.swift */ = {isa = PBXFileReference; lastKnownFileType = sourcecode.swift; path = RightBarButtonItemView.swift; sourceTree = "<group>"; };
		390F481A29C0D388005DBE74 /* SearchBarView.swift */ = {isa = PBXFileReference; lastKnownFileType = sourcecode.swift; path = SearchBarView.swift; sourceTree = "<group>"; };
/* End PBXFileReference section */

/* Begin PBXFrameworksBuildPhase section */
		390F479829BF1BF6005DBE74 /* Frameworks */ = {
			isa = PBXFrameworksBuildPhase;
			buildActionMask = 2147483647;
			files = (
			);
			runOnlyForDeploymentPostprocessing = 0;
		};
/* End PBXFrameworksBuildPhase section */

/* Begin PBXGroup section */
		390F479229BF1BF6005DBE74 = {
			isa = PBXGroup;
			children = (
				390F479D29BF1BF6005DBE74 /* InternshipECommerceApp */,
				390F479C29BF1BF6005DBE74 /* Products */,
			);
			sourceTree = "<group>";
		};
		390F479C29BF1BF6005DBE74 /* Products */ = {
			isa = PBXGroup;
			children = (
				390F479B29BF1BF6005DBE74 /* InternshipECommerceApp.app */,
			);
			name = Products;
			sourceTree = "<group>";
		};
		390F479D29BF1BF6005DBE74 /* InternshipECommerceApp */ = {
			isa = PBXGroup;
			children = (
				390F47BB29BF1E07005DBE74 /* APIClient */,
				390F47BA29BF1DEF005DBE74 /* Managers */,
				390F47B929BF1DE9005DBE74 /* Views */,
				390F47B829BF1DE0005DBE74 /* ViewModels */,
				390F47B729BF1DD9005DBE74 /* Models */,
				390F47B629BF1DCE005DBE74 /* Controllers */,
				390F47B529BF1C80005DBE74 /* Resources */,
				390F47A729BF1BF6005DBE74 /* InternshipECommerceApp.xcdatamodeld */,
			);
			path = InternshipECommerceApp;
			sourceTree = "<group>";
		};
		390F47B529BF1C80005DBE74 /* Resources */ = {
			isa = PBXGroup;
			children = (
				390F47C729BF2348005DBE74 /* Fonts */,
				390F479E29BF1BF6005DBE74 /* AppDelegate.swift */,
				390F47A029BF1BF6005DBE74 /* SceneDelegate.swift */,
				390F47AA29BF1BF7005DBE74 /* Assets.xcassets */,
				390F47AC29BF1BF7005DBE74 /* LaunchScreen.storyboard */,
				390F47AF29BF1BF7005DBE74 /* Info.plist */,
			);
			path = Resources;
			sourceTree = "<group>";
		};
		390F47B629BF1DCE005DBE74 /* Controllers */ = {
			isa = PBXGroup;
			children = (
				390F47F729BF3042005DBE74 /* SignInViewController.swift */,
				390F480129BF5BC7005DBE74 /* LogInViewController.swift */,
				390F480729BF63EF005DBE74 /* TabBarController.swift */,
				390F480929BF64DA005DBE74 /* HomeViewController.swift */,
			);
			path = Controllers;
			sourceTree = "<group>";
		};
		390F47B729BF1DD9005DBE74 /* Models */ = {
			isa = PBXGroup;
			children = (
				390F47F529BF2D75005DBE74 /* MenuItem.swift */,
			);
			path = Models;
			sourceTree = "<group>";
		};
		390F47B829BF1DE0005DBE74 /* ViewModels */ = {
			isa = PBXGroup;
			children = (
				390F47FB29BF30D9005DBE74 /* SignInViewViewModel.swift */,
				390F480529BF5C36005DBE74 /* LogInViewViewModel.swift */,
				390F480F29C08019005DBE74 /* HomeViewViewModel.swift */,
			);
			path = ViewModels;
			sourceTree = "<group>";
		};
		390F47B929BF1DE9005DBE74 /* Views */ = {
			isa = PBXGroup;
			children = (
				390F47F929BF3073005DBE74 /* SignInView.swift */,
				390F480329BF5C14005DBE74 /* LogInView.swift */,
				390F481329C0906B005DBE74 /* Home */,
			);
			path = Views;
			sourceTree = "<group>";
		};
		390F47BA29BF1DEF005DBE74 /* Managers */ = {
			isa = PBXGroup;
			children = (
				390F47C429BF21E8005DBE74 /* Extensions */,
				390F47C229BF2039005DBE74 /* APICacheManager.swift */,
				390F47FF29BF33A6005DBE74 /* CustomUIClasses.swift */,
				390F481129C08493005DBE74 /* CreateSections.swift */,
			);
			path = Managers;
			sourceTree = "<group>";
		};
		390F47BB29BF1E07005DBE74 /* APIClient */ = {
			isa = PBXGroup;
			children = (
				390F47BC29BF1E4E005DBE74 /* Service.swift */,
				390F47BE29BF1ED1005DBE74 /* Request.swift */,
				390F47C029BF1F9F005DBE74 /* Endpoint.swift */,
			);
			path = APIClient;
			sourceTree = "<group>";
		};
		390F47C429BF21E8005DBE74 /* Extensions */ = {
			isa = PBXGroup;
			children = (
				390F47C529BF21F7005DBE74 /* ColorHex.swift */,
				390F47F329BF2AE7005DBE74 /* CustomFonts.swift */,
				390F47FD29BF3137005DBE74 /* AddSubviews.swift */,
				390F480D29BF71BA005DBE74 /* ValidationExtension.swift */,
				390F481629C0B404005DBE74 /* TransparentTabbar.swift */,
			);
			path = Extensions;
			sourceTree = "<group>";
		};
		390F47C729BF2348005DBE74 /* Fonts */ = {
			isa = PBXGroup;
			children = (
				390F47F229BF2A96005DBE74 /* Montserrat */,
			);
			path = Fonts;
			sourceTree = "<group>";
		};
		390F47F229BF2A96005DBE74 /* Montserrat */ = {
			isa = PBXGroup;
			children = (
				390F47D729BF2A76005DBE74 /* Montserrat-Black.ttf */,
				390F47CD29BF2A75005DBE74 /* Montserrat-BlackItalic.ttf */,
				390F47CE29BF2A75005DBE74 /* Montserrat-Bold.ttf */,
				390F47D229BF2A76005DBE74 /* Montserrat-BoldItalic.ttf */,
				390F47D829BF2A76005DBE74 /* Montserrat-Italic.ttf */,
				390F47D629BF2A76005DBE74 /* Montserrat-Light.ttf */,
				390F47D329BF2A76005DBE74 /* Montserrat-LightItalic.ttf */,
				390F47DC29BF2A76005DBE74 /* Montserrat-Medium.ttf */,
				390F47DB29BF2A76005DBE74 /* Montserrat-MediumItalic.ttf */,
				390F47D129BF2A76005DBE74 /* Montserrat-Regular.ttf */,
				390F47D029BF2A75005DBE74 /* Montserrat-SemiBold.ttf */,
				390F47DD29BF2A76005DBE74 /* Montserrat-SemiBoldItalic.ttf */,
			);
			path = Montserrat;
			sourceTree = "<group>";
		};
		390F481329C0906B005DBE74 /* Home */ = {
			isa = PBXGroup;
			children = (
				390F480B29BF652C005DBE74 /* HomeView.swift */,
				390F481429C09087005DBE74 /* HeaderForCollectionView.swift */,
				390F481829C0BBC3005DBE74 /* RightBarButtonItemView.swift */,
				390F481A29C0D388005DBE74 /* SearchBarView.swift */,
			);
			path = Home;
			sourceTree = "<group>";
		};
/* End PBXGroup section */

/* Begin PBXNativeTarget section */
		390F479A29BF1BF6005DBE74 /* InternshipECommerceApp */ = {
			isa = PBXNativeTarget;
			buildConfigurationList = 390F47B229BF1BF7005DBE74 /* Build configuration list for PBXNativeTarget "InternshipECommerceApp" */;
			buildPhases = (
				390F479729BF1BF6005DBE74 /* Sources */,
				390F479829BF1BF6005DBE74 /* Frameworks */,
				390F479929BF1BF6005DBE74 /* Resources */,
			);
			buildRules = (
			);
			dependencies = (
			);
			name = InternshipECommerceApp;
			productName = InternshipECommerceApp;
			productReference = 390F479B29BF1BF6005DBE74 /* InternshipECommerceApp.app */;
			productType = "com.apple.product-type.application";
		};
/* End PBXNativeTarget section */

/* Begin PBXProject section */
		390F479329BF1BF6005DBE74 /* Project object */ = {
			isa = PBXProject;
			attributes = {
				BuildIndependentTargetsInParallel = 1;
				LastSwiftUpdateCheck = 1420;
				LastUpgradeCheck = 1420;
				TargetAttributes = {
					390F479A29BF1BF6005DBE74 = {
						CreatedOnToolsVersion = 14.2;
					};
				};
			};
			buildConfigurationList = 390F479629BF1BF6005DBE74 /* Build configuration list for PBXProject "InternshipECommerceApp" */;
			compatibilityVersion = "Xcode 14.0";
			developmentRegion = en;
			hasScannedForEncodings = 0;
			knownRegions = (
				en,
				Base,
			);
			mainGroup = 390F479229BF1BF6005DBE74;
			productRefGroup = 390F479C29BF1BF6005DBE74 /* Products */;
			projectDirPath = "";
			projectRoot = "";
			targets = (
				390F479A29BF1BF6005DBE74 /* InternshipECommerceApp */,
			);
		};
/* End PBXProject section */

/* Begin PBXResourcesBuildPhase section */
		390F479929BF1BF6005DBE74 /* Resources */ = {
			isa = PBXResourcesBuildPhase;
			buildActionMask = 2147483647;
			files = (
				390F47EF29BF2A76005DBE74 /* Montserrat-SemiBoldItalic.ttf in Resources */,
				390F47E829BF2A76005DBE74 /* Montserrat-Light.ttf in Resources */,
				390F47E429BF2A76005DBE74 /* Montserrat-BoldItalic.ttf in Resources */,
				390F47E229BF2A76005DBE74 /* Montserrat-SemiBold.ttf in Resources */,
				390F47E929BF2A76005DBE74 /* Montserrat-Black.ttf in Resources */,
				390F47E329BF2A76005DBE74 /* Montserrat-Regular.ttf in Resources */,
				390F47E029BF2A76005DBE74 /* Montserrat-Bold.ttf in Resources */,
				390F47ED29BF2A76005DBE74 /* Montserrat-MediumItalic.ttf in Resources */,
				390F47DF29BF2A76005DBE74 /* Montserrat-BlackItalic.ttf in Resources */,
				390F47AE29BF1BF7005DBE74 /* LaunchScreen.storyboard in Resources */,
				390F47AB29BF1BF7005DBE74 /* Assets.xcassets in Resources */,
				390F47E529BF2A76005DBE74 /* Montserrat-LightItalic.ttf in Resources */,
				390F47EE29BF2A76005DBE74 /* Montserrat-Medium.ttf in Resources */,
				390F47EA29BF2A76005DBE74 /* Montserrat-Italic.ttf in Resources */,
			);
			runOnlyForDeploymentPostprocessing = 0;
		};
/* End PBXResourcesBuildPhase section */

/* Begin PBXSourcesBuildPhase section */
		390F479729BF1BF6005DBE74 /* Sources */ = {
			isa = PBXSourcesBuildPhase;
			buildActionMask = 2147483647;
			files = (
				390F47C129BF1F9F005DBE74 /* Endpoint.swift in Sources */,
				390F480429BF5C14005DBE74 /* LogInView.swift in Sources */,
				390F47C629BF21F7005DBE74 /* ColorHex.swift in Sources */,
				390F47C329BF2039005DBE74 /* APICacheManager.swift in Sources */,
				390F47A929BF1BF6005DBE74 /* InternshipECommerceApp.xcdatamodeld in Sources */,
				390F47BF29BF1ED1005DBE74 /* Request.swift in Sources */,
				390F481029C08019005DBE74 /* HomeViewViewModel.swift in Sources */,
				390F480E29BF71BA005DBE74 /* ValidationExtension.swift in Sources */,
				390F47FE29BF3137005DBE74 /* AddSubviews.swift in Sources */,
				390F480029BF33A6005DBE74 /* CustomUIClasses.swift in Sources */,
				390F47BD29BF1E4F005DBE74 /* Service.swift in Sources */,
				390F481229C08493005DBE74 /* CreateSections.swift in Sources */,
				390F480629BF5C36005DBE74 /* LogInViewViewModel.swift in Sources */,
				390F47FC29BF30D9005DBE74 /* SignInViewViewModel.swift in Sources */,
				390F47F429BF2AE7005DBE74 /* CustomFonts.swift in Sources */,
				390F47F829BF3042005DBE74 /* SignInViewController.swift in Sources */,
				390F481929C0BBC3005DBE74 /* RightBarButtonItemView.swift in Sources */,
				390F480829BF63EF005DBE74 /* TabBarController.swift in Sources */,
				390F47F629BF2D75005DBE74 /* MenuItem.swift in Sources */,
				390F480C29BF652C005DBE74 /* HomeView.swift in Sources */,
				390F481529C09087005DBE74 /* HeaderForCollectionView.swift in Sources */,
				390F480A29BF64DA005DBE74 /* HomeViewController.swift in Sources */,
				390F480229BF5BC7005DBE74 /* LogInViewController.swift in Sources */,
				390F481729C0B404005DBE74 /* TransparentTabbar.swift in Sources */,
				390F481B29C0D388005DBE74 /* SearchBarView.swift in Sources */,
				390F479F29BF1BF6005DBE74 /* AppDelegate.swift in Sources */,
				390F47A129BF1BF6005DBE74 /* SceneDelegate.swift in Sources */,
				390F47FA29BF3073005DBE74 /* SignInView.swift in Sources */,
			);
			runOnlyForDeploymentPostprocessing = 0;
		};
/* End PBXSourcesBuildPhase section */

/* Begin PBXVariantGroup section */
		390F47AC29BF1BF7005DBE74 /* LaunchScreen.storyboard */ = {
			isa = PBXVariantGroup;
			children = (
				390F47AD29BF1BF7005DBE74 /* Base */,
			);
			name = LaunchScreen.storyboard;
			sourceTree = "<group>";
		};
/* End PBXVariantGroup section */

/* Begin XCBuildConfiguration section */
		390F47B029BF1BF7005DBE74 /* Debug */ = {
			isa = XCBuildConfiguration;
			buildSettings = {
				ALWAYS_SEARCH_USER_PATHS = NO;
				CLANG_ANALYZER_NONNULL = YES;
				CLANG_ANALYZER_NUMBER_OBJECT_CONVERSION = YES_AGGRESSIVE;
				CLANG_CXX_LANGUAGE_STANDARD = "gnu++20";
				CLANG_ENABLE_MODULES = YES;
				CLANG_ENABLE_OBJC_ARC = YES;
				CLANG_ENABLE_OBJC_WEAK = YES;
				CLANG_WARN_BLOCK_CAPTURE_AUTORELEASING = YES;
				CLANG_WARN_BOOL_CONVERSION = YES;
				CLANG_WARN_COMMA = YES;
				CLANG_WARN_CONSTANT_CONVERSION = YES;
				CLANG_WARN_DEPRECATED_OBJC_IMPLEMENTATIONS = YES;
				CLANG_WARN_DIRECT_OBJC_ISA_USAGE = YES_ERROR;
				CLANG_WARN_DOCUMENTATION_COMMENTS = YES;
				CLANG_WARN_EMPTY_BODY = YES;
				CLANG_WARN_ENUM_CONVERSION = YES;
				CLANG_WARN_INFINITE_RECURSION = YES;
				CLANG_WARN_INT_CONVERSION = YES;
				CLANG_WARN_NON_LITERAL_NULL_CONVERSION = YES;
				CLANG_WARN_OBJC_IMPLICIT_RETAIN_SELF = YES;
				CLANG_WARN_OBJC_LITERAL_CONVERSION = YES;
				CLANG_WARN_OBJC_ROOT_CLASS = YES_ERROR;
				CLANG_WARN_QUOTED_INCLUDE_IN_FRAMEWORK_HEADER = YES;
				CLANG_WARN_RANGE_LOOP_ANALYSIS = YES;
				CLANG_WARN_STRICT_PROTOTYPES = YES;
				CLANG_WARN_SUSPICIOUS_MOVE = YES;
				CLANG_WARN_UNGUARDED_AVAILABILITY = YES_AGGRESSIVE;
				CLANG_WARN_UNREACHABLE_CODE = YES;
				CLANG_WARN__DUPLICATE_METHOD_MATCH = YES;
				COPY_PHASE_STRIP = NO;
				DEBUG_INFORMATION_FORMAT = dwarf;
				ENABLE_STRICT_OBJC_MSGSEND = YES;
				ENABLE_TESTABILITY = YES;
				GCC_C_LANGUAGE_STANDARD = gnu11;
				GCC_DYNAMIC_NO_PIC = NO;
				GCC_NO_COMMON_BLOCKS = YES;
				GCC_OPTIMIZATION_LEVEL = 0;
				GCC_PREPROCESSOR_DEFINITIONS = (
					"DEBUG=1",
					"$(inherited)",
				);
				GCC_WARN_64_TO_32_BIT_CONVERSION = YES;
				GCC_WARN_ABOUT_RETURN_TYPE = YES_ERROR;
				GCC_WARN_UNDECLARED_SELECTOR = YES;
				GCC_WARN_UNINITIALIZED_AUTOS = YES_AGGRESSIVE;
				GCC_WARN_UNUSED_FUNCTION = YES;
				GCC_WARN_UNUSED_VARIABLE = YES;
				IPHONEOS_DEPLOYMENT_TARGET = 16.2;
				MTL_ENABLE_DEBUG_INFO = INCLUDE_SOURCE;
				MTL_FAST_MATH = YES;
				ONLY_ACTIVE_ARCH = YES;
				SDKROOT = iphoneos;
				SWIFT_ACTIVE_COMPILATION_CONDITIONS = DEBUG;
				SWIFT_OPTIMIZATION_LEVEL = "-Onone";
			};
			name = Debug;
		};
		390F47B129BF1BF7005DBE74 /* Release */ = {
			isa = XCBuildConfiguration;
			buildSettings = {
				ALWAYS_SEARCH_USER_PATHS = NO;
				CLANG_ANALYZER_NONNULL = YES;
				CLANG_ANALYZER_NUMBER_OBJECT_CONVERSION = YES_AGGRESSIVE;
				CLANG_CXX_LANGUAGE_STANDARD = "gnu++20";
				CLANG_ENABLE_MODULES = YES;
				CLANG_ENABLE_OBJC_ARC = YES;
				CLANG_ENABLE_OBJC_WEAK = YES;
				CLANG_WARN_BLOCK_CAPTURE_AUTORELEASING = YES;
				CLANG_WARN_BOOL_CONVERSION = YES;
				CLANG_WARN_COMMA = YES;
				CLANG_WARN_CONSTANT_CONVERSION = YES;
				CLANG_WARN_DEPRECATED_OBJC_IMPLEMENTATIONS = YES;
				CLANG_WARN_DIRECT_OBJC_ISA_USAGE = YES_ERROR;
				CLANG_WARN_DOCUMENTATION_COMMENTS = YES;
				CLANG_WARN_EMPTY_BODY = YES;
				CLANG_WARN_ENUM_CONVERSION = YES;
				CLANG_WARN_INFINITE_RECURSION = YES;
				CLANG_WARN_INT_CONVERSION = YES;
				CLANG_WARN_NON_LITERAL_NULL_CONVERSION = YES;
				CLANG_WARN_OBJC_IMPLICIT_RETAIN_SELF = YES;
				CLANG_WARN_OBJC_LITERAL_CONVERSION = YES;
				CLANG_WARN_OBJC_ROOT_CLASS = YES_ERROR;
				CLANG_WARN_QUOTED_INCLUDE_IN_FRAMEWORK_HEADER = YES;
				CLANG_WARN_RANGE_LOOP_ANALYSIS = YES;
				CLANG_WARN_STRICT_PROTOTYPES = YES;
				CLANG_WARN_SUSPICIOUS_MOVE = YES;
				CLANG_WARN_UNGUARDED_AVAILABILITY = YES_AGGRESSIVE;
				CLANG_WARN_UNREACHABLE_CODE = YES;
				CLANG_WARN__DUPLICATE_METHOD_MATCH = YES;
				COPY_PHASE_STRIP = NO;
				DEBUG_INFORMATION_FORMAT = "dwarf-with-dsym";
				ENABLE_NS_ASSERTIONS = NO;
				ENABLE_STRICT_OBJC_MSGSEND = YES;
				GCC_C_LANGUAGE_STANDARD = gnu11;
				GCC_NO_COMMON_BLOCKS = YES;
				GCC_WARN_64_TO_32_BIT_CONVERSION = YES;
				GCC_WARN_ABOUT_RETURN_TYPE = YES_ERROR;
				GCC_WARN_UNDECLARED_SELECTOR = YES;
				GCC_WARN_UNINITIALIZED_AUTOS = YES_AGGRESSIVE;
				GCC_WARN_UNUSED_FUNCTION = YES;
				GCC_WARN_UNUSED_VARIABLE = YES;
				IPHONEOS_DEPLOYMENT_TARGET = 16.2;
				MTL_ENABLE_DEBUG_INFO = NO;
				MTL_FAST_MATH = YES;
				SDKROOT = iphoneos;
				SWIFT_COMPILATION_MODE = wholemodule;
				SWIFT_OPTIMIZATION_LEVEL = "-O";
				VALIDATE_PRODUCT = YES;
			};
			name = Release;
		};
		390F47B329BF1BF7005DBE74 /* Debug */ = {
			isa = XCBuildConfiguration;
			buildSettings = {
				ASSETCATALOG_COMPILER_APPICON_NAME = AppIcon;
				ASSETCATALOG_COMPILER_GLOBAL_ACCENT_COLOR_NAME = AccentColor;
				CODE_SIGN_STYLE = Automatic;
				CURRENT_PROJECT_VERSION = 1;
				DEVELOPMENT_TEAM = Z77PMGH233;
				GENERATE_INFOPLIST_FILE = YES;
				INFOPLIST_FILE = InternshipECommerceApp/Resources/Info.plist;
				INFOPLIST_KEY_UIApplicationSupportsIndirectInputEvents = YES;
				INFOPLIST_KEY_UILaunchStoryboardName = LaunchScreen;
				INFOPLIST_KEY_UISupportedInterfaceOrientations_iPad = "UIInterfaceOrientationPortrait UIInterfaceOrientationPortraitUpsideDown UIInterfaceOrientationLandscapeLeft UIInterfaceOrientationLandscapeRight";
				INFOPLIST_KEY_UISupportedInterfaceOrientations_iPhone = "UIInterfaceOrientationPortrait UIInterfaceOrientationLandscapeLeft UIInterfaceOrientationLandscapeRight";
				IPHONEOS_DEPLOYMENT_TARGET = 15.0;
				LD_RUNPATH_SEARCH_PATHS = (
					"$(inherited)",
					"@executable_path/Frameworks",
				);
				MARKETING_VERSION = 1.0;
				PRODUCT_BUNDLE_IDENTIFIER = com.artemvorobev.InternshipECommerceApp;
				PRODUCT_NAME = "$(TARGET_NAME)";
				SWIFT_EMIT_LOC_STRINGS = YES;
				SWIFT_VERSION = 5.0;
				TARGETED_DEVICE_FAMILY = "1,2";
			};
			name = Debug;
		};
		390F47B429BF1BF7005DBE74 /* Release */ = {
			isa = XCBuildConfiguration;
			buildSettings = {
				ASSETCATALOG_COMPILER_APPICON_NAME = AppIcon;
				ASSETCATALOG_COMPILER_GLOBAL_ACCENT_COLOR_NAME = AccentColor;
				CODE_SIGN_STYLE = Automatic;
				CURRENT_PROJECT_VERSION = 1;
				DEVELOPMENT_TEAM = Z77PMGH233;
				GENERATE_INFOPLIST_FILE = YES;
				INFOPLIST_FILE = InternshipECommerceApp/Resources/Info.plist;
				INFOPLIST_KEY_UIApplicationSupportsIndirectInputEvents = YES;
				INFOPLIST_KEY_UILaunchStoryboardName = LaunchScreen;
				INFOPLIST_KEY_UISupportedInterfaceOrientations_iPad = "UIInterfaceOrientationPortrait UIInterfaceOrientationPortraitUpsideDown UIInterfaceOrientationLandscapeLeft UIInterfaceOrientationLandscapeRight";
				INFOPLIST_KEY_UISupportedInterfaceOrientations_iPhone = "UIInterfaceOrientationPortrait UIInterfaceOrientationLandscapeLeft UIInterfaceOrientationLandscapeRight";
				IPHONEOS_DEPLOYMENT_TARGET = 15.0;
				LD_RUNPATH_SEARCH_PATHS = (
					"$(inherited)",
					"@executable_path/Frameworks",
				);
				MARKETING_VERSION = 1.0;
				PRODUCT_BUNDLE_IDENTIFIER = com.artemvorobev.InternshipECommerceApp;
				PRODUCT_NAME = "$(TARGET_NAME)";
				SWIFT_EMIT_LOC_STRINGS = YES;
				SWIFT_VERSION = 5.0;
				TARGETED_DEVICE_FAMILY = "1,2";
			};
			name = Release;
		};
/* End XCBuildConfiguration section */

/* Begin XCConfigurationList section */
		390F479629BF1BF6005DBE74 /* Build configuration list for PBXProject "InternshipECommerceApp" */ = {
			isa = XCConfigurationList;
			buildConfigurations = (
				390F47B029BF1BF7005DBE74 /* Debug */,
				390F47B129BF1BF7005DBE74 /* Release */,
			);
			defaultConfigurationIsVisible = 0;
			defaultConfigurationName = Release;
		};
		390F47B229BF1BF7005DBE74 /* Build configuration list for PBXNativeTarget "InternshipECommerceApp" */ = {
			isa = XCConfigurationList;
			buildConfigurations = (
				390F47B329BF1BF7005DBE74 /* Debug */,
				390F47B429BF1BF7005DBE74 /* Release */,
			);
			defaultConfigurationIsVisible = 0;
			defaultConfigurationName = Release;
		};
/* End XCConfigurationList section */

/* Begin XCVersionGroup section */
		390F47A729BF1BF6005DBE74 /* InternshipECommerceApp.xcdatamodeld */ = {
			isa = XCVersionGroup;
			children = (
				390F47A829BF1BF6005DBE74 /* InternshipECommerceApp.xcdatamodel */,
			);
			currentVersion = 390F47A829BF1BF6005DBE74 /* InternshipECommerceApp.xcdatamodel */;
			path = InternshipECommerceApp.xcdatamodeld;
			sourceTree = "<group>";
			versionGroupType = wrapper.xcdatamodel;
		};
/* End XCVersionGroup section */
	};
	rootObject = 390F479329BF1BF6005DBE74 /* Project object */;
}
